// !$*UTF8*$!
{
	archiveVersion = 1;
	classes = {
	};
	objectVersion = 50;
	objects = {

/* Begin PBXBuildFile section */
		70BFA7FE21829C5D00559910 /* AppDelegate.swift in Sources */ = {isa = PBXBuildFile; fileRef = 70BFA7FD21829C5D00559910 /* AppDelegate.swift */; };
		70BFA80021829C5D00559910 /* ViewController.swift in Sources */ = {isa = PBXBuildFile; fileRef = 70BFA7FF21829C5D00559910 /* ViewController.swift */; };
		70BFA80321829C5D00559910 /* Main.storyboard in Resources */ = {isa = PBXBuildFile; fileRef = 70BFA80121829C5D00559910 /* Main.storyboard */; };
		70BFA80521829C5E00559910 /* Assets.xcassets in Resources */ = {isa = PBXBuildFile; fileRef = 70BFA80421829C5E00559910 /* Assets.xcassets */; };
		70BFA80821829C5E00559910 /* LaunchScreen.storyboard in Resources */ = {isa = PBXBuildFile; fileRef = 70BFA80621829C5E00559910 /* LaunchScreen.storyboard */; };
		70BFA81321829C5E00559910 /* Ass4Tests.swift in Sources */ = {isa = PBXBuildFile; fileRef = 70BFA81221829C5E00559910 /* Ass4Tests.swift */; };
		70BFA81E21829C5E00559910 /* Ass4UITests.swift in Sources */ = {isa = PBXBuildFile; fileRef = 70BFA81D21829C5E00559910 /* Ass4UITests.swift */; };
		70BFA82C21829CA200559910 /* States.swift in Sources */ = {isa = PBXBuildFile; fileRef = 70BFA82B21829CA100559910 /* States.swift */; };
/* End PBXBuildFile section */

/* Begin PBXContainerItemProxy section */
		70BFA80F21829C5E00559910 /* PBXContainerItemProxy */ = {
			isa = PBXContainerItemProxy;
			containerPortal = 70BFA7F221829C5D00559910 /* Project object */;
			proxyType = 1;
			remoteGlobalIDString = 70BFA7F921829C5D00559910;
			remoteInfo = Ass4;
		};
		70BFA81A21829C5E00559910 /* PBXContainerItemProxy */ = {
			isa = PBXContainerItemProxy;
			containerPortal = 70BFA7F221829C5D00559910 /* Project object */;
			proxyType = 1;
			remoteGlobalIDString = 70BFA7F921829C5D00559910;
			remoteInfo = Ass4;
		};
/* End PBXContainerItemProxy section */

/* Begin PBXFileReference section */
		70BFA7FA21829C5D00559910 /* Ass4.app */ = {isa = PBXFileReference; explicitFileType = wrapper.application; includeInIndex = 0; path = Ass4.app; sourceTree = BUILT_PRODUCTS_DIR; };
		70BFA7FD21829C5D00559910 /* AppDelegate.swift */ = {isa = PBXFileReference; lastKnownFileType = sourcecode.swift; path = AppDelegate.swift; sourceTree = "<group>"; };
		70BFA7FF21829C5D00559910 /* ViewController.swift */ = {isa = PBXFileReference; lastKnownFileType = sourcecode.swift; path = ViewController.swift; sourceTree = "<group>"; };
		70BFA80221829C5D00559910 /* Base */ = {isa = PBXFileReference; lastKnownFileType = file.storyboard; name = Base; path = Base.lproj/Main.storyboard; sourceTree = "<group>"; };
		70BFA80421829C5E00559910 /* Assets.xcassets */ = {isa = PBXFileReference; lastKnownFileType = folder.assetcatalog; path = Assets.xcassets; sourceTree = "<group>"; };
		70BFA80721829C5E00559910 /* Base */ = {isa = PBXFileReference; lastKnownFileType = file.storyboard; name = Base; path = Base.lproj/LaunchScreen.storyboard; sourceTree = "<group>"; };
		70BFA80921829C5E00559910 /* Info.plist */ = {isa = PBXFileReference; lastKnownFileType = text.plist.xml; path = Info.plist; sourceTree = "<group>"; };
		70BFA80E21829C5E00559910 /* Ass4Tests.xctest */ = {isa = PBXFileReference; explicitFileType = wrapper.cfbundle; includeInIndex = 0; path = Ass4Tests.xctest; sourceTree = BUILT_PRODUCTS_DIR; };
		70BFA81221829C5E00559910 /* Ass4Tests.swift */ = {isa = PBXFileReference; lastKnownFileType = sourcecode.swift; path = Ass4Tests.swift; sourceTree = "<group>"; };
		70BFA81421829C5E00559910 /* Info.plist */ = {isa = PBXFileReference; lastKnownFileType = text.plist.xml; path = Info.plist; sourceTree = "<group>"; };
		70BFA81921829C5E00559910 /* Ass4UITests.xctest */ = {isa = PBXFileReference; explicitFileType = wrapper.cfbundle; includeInIndex = 0; path = Ass4UITests.xctest; sourceTree = BUILT_PRODUCTS_DIR; };
		70BFA81D21829C5E00559910 /* Ass4UITests.swift */ = {isa = PBXFileReference; lastKnownFileType = sourcecode.swift; path = Ass4UITests.swift; sourceTree = "<group>"; };
		70BFA81F21829C5F00559910 /* Info.plist */ = {isa = PBXFileReference; lastKnownFileType = text.plist.xml; path = Info.plist; sourceTree = "<group>"; };
		70BFA82B21829CA100559910 /* States.swift */ = {isa = PBXFileReference; lastKnownFileType = sourcecode.swift; path = States.swift; sourceTree = "<group>"; };
/* End PBXFileReference section */

/* Begin PBXFrameworksBuildPhase section */
		70BFA7F721829C5D00559910 /* Frameworks */ = {
			isa = PBXFrameworksBuildPhase;
			buildActionMask = 2147483647;
			files = (
			);
			runOnlyForDeploymentPostprocessing = 0;
		};
		70BFA80B21829C5E00559910 /* Frameworks */ = {
			isa = PBXFrameworksBuildPhase;
			buildActionMask = 2147483647;
			files = (
			);
			runOnlyForDeploymentPostprocessing = 0;
		};
		70BFA81621829C5E00559910 /* Frameworks */ = {
			isa = PBXFrameworksBuildPhase;
			buildActionMask = 2147483647;
			files = (
			);
			runOnlyForDeploymentPostprocessing = 0;
		};
/* End PBXFrameworksBuildPhase section */

/* Begin PBXGroup section */
		70BFA7F121829C5D00559910 = {
			isa = PBXGroup;
			children = (
				70BFA7FC21829C5D00559910 /* Ass4 */,
				70BFA81121829C5E00559910 /* Ass4Tests */,
				70BFA81C21829C5E00559910 /* Ass4UITests */,
				70BFA7FB21829C5D00559910 /* Products */,
			);
			sourceTree = "<group>";
		};
		70BFA7FB21829C5D00559910 /* Products */ = {
			isa = PBXGroup;
			children = (
				70BFA7FA21829C5D00559910 /* Ass4.app */,
				70BFA80E21829C5E00559910 /* Ass4Tests.xctest */,
				70BFA81921829C5E00559910 /* Ass4UITests.xctest */,
			);
			name = Products;
			sourceTree = "<group>";
		};
		70BFA7FC21829C5D00559910 /* Ass4 */ = {
			isa = PBXGroup;
			children = (
				70BFA7FD21829C5D00559910 /* AppDelegate.swift */,
				70BFA7FF21829C5D00559910 /* ViewController.swift */,
				70BFA82B21829CA100559910 /* States.swift */,
				70BFA80121829C5D00559910 /* Main.storyboard */,
				70BFA80421829C5E00559910 /* Assets.xcassets */,
				70BFA80621829C5E00559910 /* LaunchScreen.storyboard */,
				70BFA80921829C5E00559910 /* Info.plist */,
			);
			path = Ass4;
			sourceTree = "<group>";
		};
		70BFA81121829C5E00559910 /* Ass4Tests */ = {
			isa = PBXGroup;
			children = (
				70BFA81221829C5E00559910 /* Ass4Tests.swift */,
				70BFA81421829C5E00559910 /* Info.plist */,
			);
			path = Ass4Tests;
			sourceTree = "<group>";
		};
		70BFA81C21829C5E00559910 /* Ass4UITests */ = {
			isa = PBXGroup;
			children = (
				70BFA81D21829C5E00559910 /* Ass4UITests.swift */,
				70BFA81F21829C5F00559910 /* Info.plist */,
			);
			path = Ass4UITests;
			sourceTree = "<group>";
		};
/* End PBXGroup section */

/* Begin PBXNativeTarget section */
		70BFA7F921829C5D00559910 /* Ass4 */ = {
			isa = PBXNativeTarget;
			buildConfigurationList = 70BFA82221829C5F00559910 /* Build configuration list for PBXNativeTarget "Ass4" */;
			buildPhases = (
				70BFA7F621829C5D00559910 /* Sources */,
				70BFA7F721829C5D00559910 /* Frameworks */,
				70BFA7F821829C5D00559910 /* Resources */,
			);
			buildRules = (
			);
			dependencies = (
			);
			name = Ass4;
			productName = Ass4;
			productReference = 70BFA7FA21829C5D00559910 /* Ass4.app */;
			productType = "com.apple.product-type.application";
		};
		70BFA80D21829C5E00559910 /* Ass4Tests */ = {
			isa = PBXNativeTarget;
			buildConfigurationList = 70BFA82521829C5F00559910 /* Build configuration list for PBXNativeTarget "Ass4Tests" */;
			buildPhases = (
				70BFA80A21829C5E00559910 /* Sources */,
				70BFA80B21829C5E00559910 /* Frameworks */,
				70BFA80C21829C5E00559910 /* Resources */,
			);
			buildRules = (
			);
			dependencies = (
				70BFA81021829C5E00559910 /* PBXTargetDependency */,
			);
			name = Ass4Tests;
			productName = Ass4Tests;
			productReference = 70BFA80E21829C5E00559910 /* Ass4Tests.xctest */;
			productType = "com.apple.product-type.bundle.unit-test";
		};
		70BFA81821829C5E00559910 /* Ass4UITests */ = {
			isa = PBXNativeTarget;
			buildConfigurationList = 70BFA82821829C5F00559910 /* Build configuration list for PBXNativeTarget "Ass4UITests" */;
			buildPhases = (
				70BFA81521829C5E00559910 /* Sources */,
				70BFA81621829C5E00559910 /* Frameworks */,
				70BFA81721829C5E00559910 /* Resources */,
			);
			buildRules = (
			);
			dependencies = (
				70BFA81B21829C5E00559910 /* PBXTargetDependency */,
			);
			name = Ass4UITests;
			productName = Ass4UITests;
			productReference = 70BFA81921829C5E00559910 /* Ass4UITests.xctest */;
			productType = "com.apple.product-type.bundle.ui-testing";
		};
/* End PBXNativeTarget section */

/* Begin PBXProject section */
		70BFA7F221829C5D00559910 /* Project object */ = {
			isa = PBXProject;
			attributes = {
				LastSwiftUpdateCheck = 0940;
				LastUpgradeCheck = 0940;
				ORGANIZATIONNAME = "Rhythm Mecwan";
				TargetAttributes = {
					70BFA7F921829C5D00559910 = {
						CreatedOnToolsVersion = 9.4.1;
					};
					70BFA80D21829C5E00559910 = {
						CreatedOnToolsVersion = 9.4.1;
						TestTargetID = 70BFA7F921829C5D00559910;
					};
					70BFA81821829C5E00559910 = {
						CreatedOnToolsVersion = 9.4.1;
						TestTargetID = 70BFA7F921829C5D00559910;
					};
				};
			};
			buildConfigurationList = 70BFA7F521829C5D00559910 /* Build configuration list for PBXProject "Ass4" */;
			compatibilityVersion = "Xcode 9.3";
			developmentRegion = en;
			hasScannedForEncodings = 0;
			knownRegions = (
				en,
				Base,
			);
			mainGroup = 70BFA7F121829C5D00559910;
			productRefGroup = 70BFA7FB21829C5D00559910 /* Products */;
			projectDirPath = "";
			projectRoot = "";
			targets = (
				70BFA7F921829C5D00559910 /* Ass4 */,
				70BFA80D21829C5E00559910 /* Ass4Tests */,
				70BFA81821829C5E00559910 /* Ass4UITests */,
			);
		};
/* End PBXProject section */

/* Begin PBXResourcesBuildPhase section */
		70BFA7F821829C5D00559910 /* Resources */ = {
			isa = PBXResourcesBuildPhase;
			buildActionMask = 2147483647;
			files = (
				70BFA80821829C5E00559910 /* LaunchScreen.storyboard in Resources */,
				70BFA80521829C5E00559910 /* Assets.xcassets in Resources */,
				70BFA80321829C5D00559910 /* Main.storyboard in Resources */,
			);
			runOnlyForDeploymentPostprocessing = 0;
		};
		70BFA80C21829C5E00559910 /* Resources */ = {
			isa = PBXResourcesBuildPhase;
			buildActionMask = 2147483647;
			files = (
			);
			runOnlyForDeploymentPostprocessing = 0;
		};
		70BFA81721829C5E00559910 /* Resources */ = {
			isa = PBXResourcesBuildPhase;
			buildActionMask = 2147483647;
			files = (
			);
			runOnlyForDeploymentPostprocessing = 0;
		};
/* End PBXResourcesBuildPhase section */

/* Begin PBXSourcesBuildPhase section */
		70BFA7F621829C5D00559910 /* Sources */ = {
			isa = PBXSourcesBuildPhase;
			buildActionMask = 2147483647;
			files = (
				70BFA82C21829CA200559910 /* States.swift in Sources */,
				70BFA80021829C5D00559910 /* ViewController.swift in Sources */,
				70BFA7FE21829C5D00559910 /* AppDelegate.swift in Sources */,
			);
			runOnlyForDeploymentPostprocessing = 0;
		};
		70BFA80A21829C5E00559910 /* Sources */ = {
			isa = PBXSourcesBuildPhase;
			buildActionMask = 2147483647;
			files = (
				70BFA81321829C5E00559910 /* Ass4Tests.swift in Sources */,
			);
			runOnlyForDeploymentPostprocessing = 0;
		};
		70BFA81521829C5E00559910 /* Sources */ = {
			isa = PBXSourcesBuildPhase;
			buildActionMask = 2147483647;
			files = (
				70BFA81E21829C5E00559910 /* Ass4UITests.swift in Sources */,
			);
			runOnlyForDeploymentPostprocessing = 0;
		};
/* End PBXSourcesBuildPhase section */

/* Begin PBXTargetDependency section */
		70BFA81021829C5E00559910 /* PBXTargetDependency */ = {
			isa = PBXTargetDependency;
			target = 70BFA7F921829C5D00559910 /* Ass4 */;
			targetProxy = 70BFA80F21829C5E00559910 /* PBXContainerItemProxy */;
		};
		70BFA81B21829C5E00559910 /* PBXTargetDependency */ = {
			isa = PBXTargetDependency;
			target = 70BFA7F921829C5D00559910 /* Ass4 */;
			targetProxy = 70BFA81A21829C5E00559910 /* PBXContainerItemProxy */;
		};
/* End PBXTargetDependency section */

/* Begin PBXVariantGroup section */
		70BFA80121829C5D00559910 /* Main.storyboard */ = {
			isa = PBXVariantGroup;
			children = (
				70BFA80221829C5D00559910 /* Base */,
			);
			name = Main.storyboard;
			sourceTree = "<group>";
		};
		70BFA80621829C5E00559910 /* LaunchScreen.storyboard */ = {
			isa = PBXVariantGroup;
			children = (
				70BFA80721829C5E00559910 /* Base */,
			);
			name = LaunchScreen.storyboard;
			sourceTree = "<group>";
		};
/* End PBXVariantGroup section */

/* Begin XCBuildConfiguration section */
		70BFA82021829C5F00559910 /* Debug */ = {
			isa = XCBuildConfiguration;
			buildSettings = {
				ALWAYS_SEARCH_USER_PATHS = NO;
				CLANG_ANALYZER_NONNULL = YES;
				CLANG_ANALYZER_NUMBER_OBJECT_CONVERSION = YES_AGGRESSIVE;
				CLANG_CXX_LANGUAGE_STANDARD = "gnu++14";
				CLANG_CXX_LIBRARY = "libc++";
				CLANG_ENABLE_MODULES = YES;
				CLANG_ENABLE_OBJC_ARC = YES;
				CLANG_ENABLE_OBJC_WEAK = YES;
				CLANG_WARN_BLOCK_CAPTURE_AUTORELEASING = YES;
				CLANG_WARN_BOOL_CONVERSION = YES;
				CLANG_WARN_COMMA = YES;
				CLANG_WARN_CONSTANT_CONVERSION = YES;
				CLANG_WARN_DEPRECATED_OBJC_IMPLEMENTATIONS = YES;
				CLANG_WARN_DIRECT_OBJC_ISA_USAGE = YES_ERROR;
				CLANG_WARN_DOCUMENTATION_COMMENTS = YES;
				CLANG_WARN_EMPTY_BODY = YES;
				CLANG_WARN_ENUM_CONVERSION = YES;
				CLANG_WARN_INFINITE_RECURSION = YES;
				CLANG_WARN_INT_CONVERSION = YES;
				CLANG_WARN_NON_LITERAL_NULL_CONVERSION = YES;
				CLANG_WARN_OBJC_IMPLICIT_RETAIN_SELF = YES;
				CLANG_WARN_OBJC_LITERAL_CONVERSION = YES;
				CLANG_WARN_OBJC_ROOT_CLASS = YES_ERROR;
				CLANG_WARN_RANGE_LOOP_ANALYSIS = YES;
				CLANG_WARN_STRICT_PROTOTYPES = YES;
				CLANG_WARN_SUSPICIOUS_MOVE = YES;
				CLANG_WARN_UNGUARDED_AVAILABILITY = YES_AGGRESSIVE;
				CLANG_WARN_UNREACHABLE_CODE = YES;
				CLANG_WARN__DUPLICATE_METHOD_MATCH = YES;
				CODE_SIGN_IDENTITY = "iPhone Developer";
				COPY_PHASE_STRIP = NO;
				DEBUG_INFORMATION_FORMAT = dwarf;
				ENABLE_STRICT_OBJC_MSGSEND = YES;
				ENABLE_TESTABILITY = YES;
				GCC_C_LANGUAGE_STANDARD = gnu11;
				GCC_DYNAMIC_NO_PIC = NO;
				GCC_NO_COMMON_BLOCKS = YES;
				GCC_OPTIMIZATION_LEVEL = 0;
				GCC_PREPROCESSOR_DEFINITIONS = (
					"DEBUG=1",
					"$(inherited)",
				);
				GCC_WARN_64_TO_32_BIT_CONVERSION = YES;
				GCC_WARN_ABOUT_RETURN_TYPE = YES_ERROR;
				GCC_WARN_UNDECLARED_SELECTOR = YES;
				GCC_WARN_UNINITIALIZED_AUTOS = YES_AGGRESSIVE;
				GCC_WARN_UNUSED_FUNCTION = YES;
				GCC_WARN_UNUSED_VARIABLE = YES;
				IPHONEOS_DEPLOYMENT_TARGET = 11.4;
				MTL_ENABLE_DEBUG_INFO = YES;
				ONLY_ACTIVE_ARCH = YES;
				SDKROOT = iphoneos;
				SWIFT_ACTIVE_COMPILATION_CONDITIONS = DEBUG;
				SWIFT_OPTIMIZATION_LEVEL = "-Onone";
			};
			name = Debug;
		};
		70BFA82121829C5F00559910 /* Release */ = {
			isa = XCBuildConfiguration;
			buildSettings = {
				ALWAYS_SEARCH_USER_PATHS = NO;
				CLANG_ANALYZER_NONNULL = YES;
				CLANG_ANALYZER_NUMBER_OBJECT_CONVERSION = YES_AGGRESSIVE;
				CLANG_CXX_LANGUAGE_STANDARD = "gnu++14";
				CLANG_CXX_LIBRARY = "libc++";
				CLANG_ENABLE_MODULES = YES;
				CLANG_ENABLE_OBJC_ARC = YES;
				CLANG_ENABLE_OBJC_WEAK = YES;
				CLANG_WARN_BLOCK_CAPTURE_AUTORELEASING = YES;
				CLANG_WARN_BOOL_CONVERSION = YES;
				CLANG_WARN_COMMA = YES;
				CLANG_WARN_CONSTANT_CONVERSION = YES;
				CLANG_WARN_DEPRECATED_OBJC_IMPLEMENTATIONS = YES;
				CLANG_WARN_DIRECT_OBJC_ISA_USAGE = YES_ERROR;
				CLANG_WARN_DOCUMENTATION_COMMENTS = YES;
				CLANG_WARN_EMPTY_BODY = YES;
				CLANG_WARN_ENUM_CONVERSION = YES;
				CLANG_WARN_INFINITE_RECURSION = YES;
				CLANG_WARN_INT_CONVERSION = YES;
				CLANG_WARN_NON_LITERAL_NULL_CONVERSION = YES;
				CLANG_WARN_OBJC_IMPLICIT_RETAIN_SELF = YES;
				CLANG_WARN_OBJC_LITERAL_CONVERSION = YES;
				CLANG_WARN_OBJC_ROOT_CLASS = YES_ERROR;
				CLANG_WARN_RANGE_LOOP_ANALYSIS = YES;
				CLANG_WARN_STRICT_PROTOTYPES = YES;
				CLANG_WARN_SUSPICIOUS_MOVE = YES;
				CLANG_WARN_UNGUARDED_AVAILABILITY = YES_AGGRESSIVE;
				CLANG_WARN_UNREACHABLE_CODE = YES;
				CLANG_WARN__DUPLICATE_METHOD_MATCH = YES;
				CODE_SIGN_IDENTITY = "iPhone Developer";
				COPY_PHASE_STRIP = NO;
				DEBUG_INFORMATION_FORMAT = "dwarf-with-dsym";
				ENABLE_NS_ASSERTIONS = NO;
				ENABLE_STRICT_OBJC_MSGSEND = YES;
				GCC_C_LANGUAGE_STANDARD = gnu11;
				GCC_NO_COMMON_BLOCKS = YES;
				GCC_WARN_64_TO_32_BIT_CONVERSION = YES;
				GCC_WARN_ABOUT_RETURN_TYPE = YES_ERROR;
				GCC_WARN_UNDECLARED_SELECTOR = YES;
				GCC_WARN_UNINITIALIZED_AUTOS = YES_AGGRESSIVE;
				GCC_WARN_UNUSED_FUNCTION = YES;
				GCC_WARN_UNUSED_VARIABLE = YES;
				IPHONEOS_DEPLOYMENT_TARGET = 11.4;
				MTL_ENABLE_DEBUG_INFO = NO;
				SDKROOT = iphoneos;
				SWIFT_COMPILATION_MODE = wholemodule;
				SWIFT_OPTIMIZATION_LEVEL = "-O";
				VALIDATE_PRODUCT = YES;
			};
			name = Release;
		};
		70BFA82321829C5F00559910 /* Debug */ = {
			isa = XCBuildConfiguration;
			buildSettings = {
				ASSETCATALOG_COMPILER_APPICON_NAME = AppIcon;
				CODE_SIGN_STYLE = Automatic;
				INFOPLIST_FILE = Ass4/Info.plist;
				LD_RUNPATH_SEARCH_PATHS = (
					"$(inherited)",
					"@executable_path/Frameworks",
				);
				PRODUCT_BUNDLE_IDENTIFIER = "Rhythm-Mecwan.Ass4";
				PRODUCT_NAME = "$(TARGET_NAME)";
				SWIFT_VERSION = 4.0;
				TARGETED_DEVICE_FAMILY = "1,2";
			};
			name = Debug;
		};
		70BFA82421829C5F00559910 /* Release */ = {
			isa = XCBuildConfiguration;
			buildSettings = {
				ASSETCATALOG_COMPILER_APPICON_NAME = AppIcon;
				CODE_SIGN_STYLE = Automatic;
				INFOPLIST_FILE = Ass4/Info.plist;
				LD_RUNPATH_SEARCH_PATHS = (
					"$(inherited)",
					"@executable_path/Frameworks",
				);
				PRODUCT_BUNDLE_IDENTIFIER = "Rhythm-Mecwan.Ass4";
				PRODUCT_NAME = "$(TARGET_NAME)";
				SWIFT_VERSION = 4.0;
				TARGETED_DEVICE_FAMILY = "1,2";
			};
			name = Release;
		};
		70BFA82621829C5F00559910 /* Debug */ = {
			isa = XCBuildConfiguration;
			buildSettings = {
				ALWAYS_EMBED_SWIFT_STANDARD_LIBRARIES = YES;
				BUNDLE_LOADER = "$(TEST_HOST)";
				CODE_SIGN_STYLE = Automatic;
				INFOPLIST_FILE = Ass4Tests/Info.plist;
				LD_RUNPATH_SEARCH_PATHS = (
					"$(inherited)",
					"@executable_path/Frameworks",
					"@loader_path/Frameworks",
				);
				PRODUCT_BUNDLE_IDENTIFIER = "Rhythm-Mecwan.Ass4Tests";
				PRODUCT_NAME = "$(TARGET_NAME)";
				SWIFT_VERSION = 4.0;
				TARGETED_DEVICE_FAMILY = "1,2";
				TEST_HOST = "$(BUILT_PRODUCTS_DIR)/Ass4.app/Ass4";
			};
			name = Debug;
		};
		70BFA82721829C5F00559910 /* Release */ = {
			isa = XCBuildConfiguration;
			buildSettings = {
				ALWAYS_EMBED_SWIFT_STANDARD_LIBRARIES = YES;
				BUNDLE_LOADER = "$(TEST_HOST)";
				CODE_SIGN_STYLE = Automatic;
				INFOPLIST_FILE = Ass4Tests/Info.plist;
				LD_RUNPATH_SEARCH_PATHS = (
					"$(inherited)",
					"@executable_path/Frameworks",
					"@loader_path/Frameworks",
				);
				PRODUCT_BUNDLE_IDENTIFIER = "Rhythm-Mecwan.Ass4Tests";
				PRODUCT_NAME = "$(TARGET_NAME)";
				SWIFT_VERSION = 4.0;
				TARGETED_DEVICE_FAMILY = "1,2";
				TEST_HOST = "$(BUILT_PRODUCTS_DIR)/Ass4.app/Ass4";
			};
			name = Release;
		};
		70BFA82921829C5F00559910 /* Debug */ = {
			isa = XCBuildConfiguration;
			buildSettings = {
				ALWAYS_EMBED_SWIFT_STANDARD_LIBRARIES = YES;
				CODE_SIGN_STYLE = Automatic;
				INFOPLIST_FILE = Ass4UITests/Info.plist;
				LD_RUNPATH_SEARCH_PATHS = (
					"$(inherited)",
					"@executable_path/Frameworks",
					"@loader_path/Frameworks",
				);
				PRODUCT_BUNDLE_IDENTIFIER = "Rhythm-Mecwan.Ass4UITests";
				PRODUCT_NAME = "$(TARGET_NAME)";
				SWIFT_VERSION = 4.0;
				TARGETED_DEVICE_FAMILY = "1,2";
				TEST_TARGET_NAME = Ass4;
			};
			name = Debug;
		};
		70BFA82A21829C5F00559910 /* Release */ = {
			isa = XCBuildConfiguration;
			buildSettings = {
				ALWAYS_EMBED_SWIFT_STANDARD_LIBRARIES = YES;
				CODE_SIGN_STYLE = Automatic;
				INFOPLIST_FILE = Ass4UITests/Info.plist;
				LD_RUNPATH_SEARCH_PATHS = (
					"$(inherited)",
					"@executable_path/Frameworks",
					"@loader_path/Frameworks",
				);
				PRODUCT_BUNDLE_IDENTIFIER = "Rhythm-Mecwan.Ass4UITests";
				PRODUCT_NAME = "$(TARGET_NAME)";
				SWIFT_VERSION = 4.0;
				TARGETED_DEVICE_FAMILY = "1,2";
				TEST_TARGET_NAME = Ass4;
			};
			name = Release;
		};
/* End XCBuildConfiguration section */

/* Begin XCConfigurationList section */
		70BFA7F521829C5D00559910 /* Build configuration list for PBXProject "Ass4" */ = {
			isa = XCConfigurationList;
			buildConfigurations = (
				70BFA82021829C5F00559910 /* Debug */,
				70BFA82121829C5F00559910 /* Release */,
			);
			defaultConfigurationIsVisible = 0;
			defaultConfigurationName = Release;
		};
		70BFA82221829C5F00559910 /* Build configuration list for PBXNativeTarget "Ass4" */ = {
			isa = XCConfigurationList;
			buildConfigurations = (
				70BFA82321829C5F00559910 /* Debug */,
				70BFA82421829C5F00559910 /* Release */,
			);
			defaultConfigurationIsVisible = 0;
			defaultConfigurationName = Release;
		};
		70BFA82521829C5F00559910 /* Build configuration list for PBXNativeTarget "Ass4Tests" */ = {
			isa = XCConfigurationList;
			buildConfigurations = (
				70BFA82621829C5F00559910 /* Debug */,
				70BFA82721829C5F00559910 /* Release */,
			);
			defaultConfigurationIsVisible = 0;
			defaultConfigurationName = Release;
		};
		70BFA82821829C5F00559910 /* Build configuration list for PBXNativeTarget "Ass4UITests" */ = {
			isa = XCConfigurationList;
			buildConfigurations = (
				70BFA82921829C5F00559910 /* Debug */,
				70BFA82A21829C5F00559910 /* Release */,
			);
			defaultConfigurationIsVisible = 0;
			defaultConfigurationName = Release;
		};
/* End XCConfigurationList section */
	};
	rootObject = 70BFA7F221829C5D00559910 /* Project object */;
}
